// !$*UTF8*$!
{
	archiveVersion = 1;
	classes = {
	};
	objectVersion = 55;
	objects = {

/* Begin PBXBuildFile section */
		4129F73627E3B41000D3B3F8 /* Localizable.strings in Resources */ = {isa = PBXBuildFile; fileRef = 4129F73827E3B41000D3B3F8 /* Localizable.strings */; };
		415E050D27E7B1A7001145A2 /* MainNavigationController.swift in Sources */ = {isa = PBXBuildFile; fileRef = 415E050C27E7B1A7001145A2 /* MainNavigationController.swift */; };
		41665AE727E3A1630022BCAB /* Logging in Frameworks */ = {isa = PBXBuildFile; productRef = 41665AE627E3A1630022BCAB /* Logging */; };
		41665AEA27E3A18F0022BCAB /* Logger+Init.swift in Sources */ = {isa = PBXBuildFile; fileRef = 41665AE927E3A18F0022BCAB /* Logger+Init.swift */; };
		41665AEF27E3A2910022BCAB /* MainTabBarViewController.swift in Sources */ = {isa = PBXBuildFile; fileRef = 41665AEE27E3A2910022BCAB /* MainTabBarViewController.swift */; };
		41665AF327E3A4360022BCAB /* LibraryCollectionViewController.swift in Sources */ = {isa = PBXBuildFile; fileRef = 41665AF227E3A4360022BCAB /* LibraryCollectionViewController.swift */; };
		41665AF527E3B36A0022BCAB /* String+Localized.swift in Sources */ = {isa = PBXBuildFile; fileRef = 41665AF427E3B36A0022BCAB /* String+Localized.swift */; };
		41745DFE27E4C2F400E24B8E /* Launch Screen.storyboard in Resources */ = {isa = PBXBuildFile; fileRef = 41745DFD27E4C2F400E24B8E /* Launch Screen.storyboard */; };
		41B3FE0227EF985100D04AA0 /* CloudKit.framework in Frameworks */ = {isa = PBXBuildFile; fileRef = 41B3FE0127EF985100D04AA0 /* CloudKit.framework */; };
		41E6073527E6051E001D10FC /* RecordCollectionViewCell.swift in Sources */ = {isa = PBXBuildFile; fileRef = 41E6073427E6051E001D10FC /* RecordCollectionViewCell.swift */; };
		41E6073727E60ACD001D10FC /* SearchViewController.swift in Sources */ = {isa = PBXBuildFile; fileRef = 41E6073627E60ACD001D10FC /* SearchViewController.swift */; };
		41E6073A27E61097001D10FC /* Record+CoreDataClass.swift in Sources */ = {isa = PBXBuildFile; fileRef = 41E6073827E61097001D10FC /* Record+CoreDataClass.swift */; };
		41E6073B27E61097001D10FC /* Record+CoreDataProperties.swift in Sources */ = {isa = PBXBuildFile; fileRef = 41E6073927E61097001D10FC /* Record+CoreDataProperties.swift */; };
		41E6074027E644F2001D10FC /* MainSidebarViewController.swift in Sources */ = {isa = PBXBuildFile; fileRef = 41E6073F27E644F2001D10FC /* MainSidebarViewController.swift */; };
		41E6074227E6483C001D10FC /* SceneDelegate+NSToolbar.swift in Sources */ = {isa = PBXBuildFile; fileRef = 41E6074127E6483C001D10FC /* SceneDelegate+NSToolbar.swift */; };
		41F9064027E39BF300D65E3F /* AppDelegate.swift in Sources */ = {isa = PBXBuildFile; fileRef = 41F9063F27E39BF300D65E3F /* AppDelegate.swift */; };
		41F9064227E39BF300D65E3F /* SceneDelegate.swift in Sources */ = {isa = PBXBuildFile; fileRef = 41F9064127E39BF300D65E3F /* SceneDelegate.swift */; };
		41F9064A27E39BF300D65E3F /* Record_Cabinet.xcdatamodeld in Sources */ = {isa = PBXBuildFile; fileRef = 41F9064827E39BF300D65E3F /* Record_Cabinet.xcdatamodeld */; };
		41F9064C27E39BF400D65E3F /* Assets.xcassets in Resources */ = {isa = PBXBuildFile; fileRef = 41F9064B27E39BF400D65E3F /* Assets.xcassets */; };
		41FF35CA27EF2E20004C8E94 /* AddRecordViewController.swift in Sources */ = {isa = PBXBuildFile; fileRef = 41FF35C927EF2E20004C8E94 /* AddRecordViewController.swift */; };
/* End PBXBuildFile section */

/* Begin PBXFileReference section */
		4129F73727E3B41000D3B3F8 /* de */ = {isa = PBXFileReference; lastKnownFileType = text.plist.strings; name = de; path = de.lproj/Localizable.strings; sourceTree = "<group>"; };
		415E050C27E7B1A7001145A2 /* MainNavigationController.swift */ = {isa = PBXFileReference; lastKnownFileType = sourcecode.swift; path = MainNavigationController.swift; sourceTree = "<group>"; };
		41665AE927E3A18F0022BCAB /* Logger+Init.swift */ = {isa = PBXFileReference; lastKnownFileType = sourcecode.swift; path = "Logger+Init.swift"; sourceTree = "<group>"; };
		41665AEE27E3A2910022BCAB /* MainTabBarViewController.swift */ = {isa = PBXFileReference; lastKnownFileType = sourcecode.swift; path = MainTabBarViewController.swift; sourceTree = "<group>"; };
		41665AF227E3A4360022BCAB /* LibraryCollectionViewController.swift */ = {isa = PBXFileReference; lastKnownFileType = sourcecode.swift; path = LibraryCollectionViewController.swift; sourceTree = "<group>"; };
		41665AF427E3B36A0022BCAB /* String+Localized.swift */ = {isa = PBXFileReference; lastKnownFileType = sourcecode.swift; path = "String+Localized.swift"; sourceTree = "<group>"; };
		41745DFD27E4C2F400E24B8E /* Launch Screen.storyboard */ = {isa = PBXFileReference; lastKnownFileType = file.storyboard; path = "Launch Screen.storyboard"; sourceTree = "<group>"; };
		41B3FE0127EF985100D04AA0 /* CloudKit.framework */ = {isa = PBXFileReference; lastKnownFileType = wrapper.framework; name = CloudKit.framework; path = System/Library/Frameworks/CloudKit.framework; sourceTree = SDKROOT; };
		41E6073427E6051E001D10FC /* RecordCollectionViewCell.swift */ = {isa = PBXFileReference; lastKnownFileType = sourcecode.swift; path = RecordCollectionViewCell.swift; sourceTree = "<group>"; };
		41E6073627E60ACD001D10FC /* SearchViewController.swift */ = {isa = PBXFileReference; lastKnownFileType = sourcecode.swift; path = SearchViewController.swift; sourceTree = "<group>"; };
		41E6073827E61097001D10FC /* Record+CoreDataClass.swift */ = {isa = PBXFileReference; lastKnownFileType = sourcecode.swift; path = "Record+CoreDataClass.swift"; sourceTree = "<group>"; };
		41E6073927E61097001D10FC /* Record+CoreDataProperties.swift */ = {isa = PBXFileReference; lastKnownFileType = sourcecode.swift; path = "Record+CoreDataProperties.swift"; sourceTree = "<group>"; };
		41E6073D27E642F0001D10FC /* Record Cabinet.entitlements */ = {isa = PBXFileReference; lastKnownFileType = text.plist.entitlements; path = "Record Cabinet.entitlements"; sourceTree = "<group>"; };
		41E6073F27E644F2001D10FC /* MainSidebarViewController.swift */ = {isa = PBXFileReference; lastKnownFileType = sourcecode.swift; path = MainSidebarViewController.swift; sourceTree = "<group>"; };
		41E6074127E6483C001D10FC /* SceneDelegate+NSToolbar.swift */ = {isa = PBXFileReference; lastKnownFileType = sourcecode.swift; path = "SceneDelegate+NSToolbar.swift"; sourceTree = "<group>"; };
		41F9063C27E39BF300D65E3F /* Record Cabinet.app */ = {isa = PBXFileReference; explicitFileType = wrapper.application; includeInIndex = 0; path = "Record Cabinet.app"; sourceTree = BUILT_PRODUCTS_DIR; };
		41F9063F27E39BF300D65E3F /* AppDelegate.swift */ = {isa = PBXFileReference; lastKnownFileType = sourcecode.swift; path = AppDelegate.swift; sourceTree = "<group>"; };
		41F9064127E39BF300D65E3F /* SceneDelegate.swift */ = {isa = PBXFileReference; lastKnownFileType = sourcecode.swift; path = SceneDelegate.swift; sourceTree = "<group>"; };
		41F9064927E39BF300D65E3F /* Record_Cabinet.xcdatamodel */ = {isa = PBXFileReference; lastKnownFileType = wrapper.xcdatamodel; path = Record_Cabinet.xcdatamodel; sourceTree = "<group>"; };
		41F9064B27E39BF400D65E3F /* Assets.xcassets */ = {isa = PBXFileReference; lastKnownFileType = folder.assetcatalog; path = Assets.xcassets; sourceTree = "<group>"; };
		41F9065027E39BF400D65E3F /* Info.plist */ = {isa = PBXFileReference; lastKnownFileType = text.plist.xml; path = Info.plist; sourceTree = "<group>"; };
		41FF35C927EF2E20004C8E94 /* AddRecordViewController.swift */ = {isa = PBXFileReference; lastKnownFileType = sourcecode.swift; path = AddRecordViewController.swift; sourceTree = "<group>"; };
/* End PBXFileReference section */

/* Begin PBXFrameworksBuildPhase section */
		41F9063927E39BF300D65E3F /* Frameworks */ = {
			isa = PBXFrameworksBuildPhase;
			buildActionMask = 2147483647;
			files = (
				41665AE727E3A1630022BCAB /* Logging in Frameworks */,
				41B3FE0227EF985100D04AA0 /* CloudKit.framework in Frameworks */,
			);
			runOnlyForDeploymentPostprocessing = 0;
		};
/* End PBXFrameworksBuildPhase section */

/* Begin PBXGroup section */
		4129F73927E3B54500D3B3F8 /* Search */ = {
			isa = PBXGroup;
			children = (
				41E6073627E60ACD001D10FC /* SearchViewController.swift */,
			);
			path = Search;
			sourceTree = "<group>";
		};
		41665AE127E39F800022BCAB /* Sources */ = {
			isa = PBXGroup;
			children = (
				41AD58B327F493E800A0E37B /* Views */,
				41E6073C27E610B2001D10FC /* Entities */,
				41665AE827E3A1710022BCAB /* Extensions */,
				41665AF027E3A4140022BCAB /* Scenes */,
				41665AE427E3A0F60022BCAB /* Main */,
				41665AE327E3A0EE0022BCAB /* Application */,
			);
			path = Sources;
			sourceTree = "<group>";
		};
		41665AE227E39F8B0022BCAB /* Ressources */ = {
			isa = PBXGroup;
			children = (
				41F9064B27E39BF400D65E3F /* Assets.xcassets */,
				4129F73827E3B41000D3B3F8 /* Localizable.strings */,
				41745DFD27E4C2F400E24B8E /* Launch Screen.storyboard */,
			);
			path = Ressources;
			sourceTree = "<group>";
		};
		41665AE327E3A0EE0022BCAB /* Application */ = {
			isa = PBXGroup;
			children = (
				41F9063F27E39BF300D65E3F /* AppDelegate.swift */,
				41F9064127E39BF300D65E3F /* SceneDelegate.swift */,
				41E6074127E6483C001D10FC /* SceneDelegate+NSToolbar.swift */,
			);
			path = Application;
			sourceTree = "<group>";
		};
		41665AE427E3A0F60022BCAB /* Main */ = {
			isa = PBXGroup;
			children = (
				41665AEE27E3A2910022BCAB /* MainTabBarViewController.swift */,
				41E6073F27E644F2001D10FC /* MainSidebarViewController.swift */,
				415E050C27E7B1A7001145A2 /* MainNavigationController.swift */,
			);
			path = Main;
			sourceTree = "<group>";
		};
		41665AE827E3A1710022BCAB /* Extensions */ = {
			isa = PBXGroup;
			children = (
				41665AE927E3A18F0022BCAB /* Logger+Init.swift */,
				41665AF427E3B36A0022BCAB /* String+Localized.swift */,
			);
			path = Extensions;
			sourceTree = "<group>";
		};
		41665AF027E3A4140022BCAB /* Scenes */ = {
			isa = PBXGroup;
			children = (
				41FF35C827EF2DE5004C8E94 /* Add Record */,
				4129F73927E3B54500D3B3F8 /* Search */,
				41665AF127E3A4190022BCAB /* Library */,
			);
			path = Scenes;
			sourceTree = "<group>";
		};
		41665AF127E3A4190022BCAB /* Library */ = {
			isa = PBXGroup;
			children = (
				41665AF227E3A4360022BCAB /* LibraryCollectionViewController.swift */,
			);
			path = Library;
			sourceTree = "<group>";
		};
		41AD58B327F493E800A0E37B /* Views */ = {
			isa = PBXGroup;
			children = (
				41AD58B427F493EF00A0E37B /* Universal */,
			);
			path = Views;
			sourceTree = "<group>";
		};
		41AD58B427F493EF00A0E37B /* Universal */ = {
			isa = PBXGroup;
			children = (
				41E6073427E6051E001D10FC /* RecordCollectionViewCell.swift */,
			);
			path = Universal;
			sourceTree = "<group>";
		};
		41B3FE0027EF985100D04AA0 /* Frameworks */ = {
			isa = PBXGroup;
			children = (
				41B3FE0127EF985100D04AA0 /* CloudKit.framework */,
			);
			name = Frameworks;
			sourceTree = "<group>";
		};
		41E6073C27E610B2001D10FC /* Entities */ = {
			isa = PBXGroup;
			children = (
				41E6073827E61097001D10FC /* Record+CoreDataClass.swift */,
				41E6073927E61097001D10FC /* Record+CoreDataProperties.swift */,
			);
			path = Entities;
			sourceTree = "<group>";
		};
		41F9063327E39BF300D65E3F = {
			isa = PBXGroup;
			children = (
				41F9063E27E39BF300D65E3F /* Record Cabinet */,
				41F9063D27E39BF300D65E3F /* Products */,
				41B3FE0027EF985100D04AA0 /* Frameworks */,
			);
			sourceTree = "<group>";
		};
		41F9063D27E39BF300D65E3F /* Products */ = {
			isa = PBXGroup;
			children = (
				41F9063C27E39BF300D65E3F /* Record Cabinet.app */,
			);
			name = Products;
			sourceTree = "<group>";
		};
		41F9063E27E39BF300D65E3F /* Record Cabinet */ = {
			isa = PBXGroup;
			children = (
				41E6073D27E642F0001D10FC /* Record Cabinet.entitlements */,
				41665AE227E39F8B0022BCAB /* Ressources */,
				41665AE127E39F800022BCAB /* Sources */,
				41F9065027E39BF400D65E3F /* Info.plist */,
				41F9064827E39BF300D65E3F /* Record_Cabinet.xcdatamodeld */,
			);
			path = "Record Cabinet";
			sourceTree = "<group>";
		};
		41FF35C827EF2DE5004C8E94 /* Add Record */ = {
			isa = PBXGroup;
			children = (
				41FF35C927EF2E20004C8E94 /* AddRecordViewController.swift */,
			);
			path = "Add Record";
			sourceTree = "<group>";
		};
/* End PBXGroup section */

/* Begin PBXNativeTarget section */
		41F9063B27E39BF300D65E3F /* Record Cabinet */ = {
			isa = PBXNativeTarget;
			buildConfigurationList = 41F9065327E39BF400D65E3F /* Build configuration list for PBXNativeTarget "Record Cabinet" */;
			buildPhases = (
				41F9063827E39BF300D65E3F /* Sources */,
				41F9063927E39BF300D65E3F /* Frameworks */,
				41F9063A27E39BF300D65E3F /* Resources */,
			);
			buildRules = (
			);
			dependencies = (
			);
			name = "Record Cabinet";
			packageProductDependencies = (
				41665AE627E3A1630022BCAB /* Logging */,
			);
			productName = "Record Cabinet";
			productReference = 41F9063C27E39BF300D65E3F /* Record Cabinet.app */;
			productType = "com.apple.product-type.application";
		};
/* End PBXNativeTarget section */

/* Begin PBXProject section */
		41F9063427E39BF300D65E3F /* Project object */ = {
			isa = PBXProject;
			attributes = {
				BuildIndependentTargetsInParallel = 1;
				LastSwiftUpdateCheck = 1330;
				LastUpgradeCheck = 1330;
				TargetAttributes = {
					41F9063B27E39BF300D65E3F = {
						CreatedOnToolsVersion = 13.3;
					};
				};
			};
			buildConfigurationList = 41F9063727E39BF300D65E3F /* Build configuration list for PBXProject "Record Cabinet" */;
			compatibilityVersion = "Xcode 13.0";
			developmentRegion = de;
			hasScannedForEncodings = 0;
			knownRegions = (
				de,
			);
			mainGroup = 41F9063327E39BF300D65E3F;
			packageReferences = (
				41665AE527E3A1630022BCAB /* XCRemoteSwiftPackageReference "swift-log" */,
			);
			productRefGroup = 41F9063D27E39BF300D65E3F /* Products */;
			projectDirPath = "";
			projectRoot = "";
			targets = (
				41F9063B27E39BF300D65E3F /* Record Cabinet */,
			);
		};
/* End PBXProject section */

/* Begin PBXResourcesBuildPhase section */
		41F9063A27E39BF300D65E3F /* Resources */ = {
			isa = PBXResourcesBuildPhase;
			buildActionMask = 2147483647;
			files = (
				41745DFE27E4C2F400E24B8E /* Launch Screen.storyboard in Resources */,
				4129F73627E3B41000D3B3F8 /* Localizable.strings in Resources */,
				41F9064C27E39BF400D65E3F /* Assets.xcassets in Resources */,
			);
			runOnlyForDeploymentPostprocessing = 0;
		};
/* End PBXResourcesBuildPhase section */

/* Begin PBXSourcesBuildPhase section */
		41F9063827E39BF300D65E3F /* Sources */ = {
			isa = PBXSourcesBuildPhase;
			buildActionMask = 2147483647;
			files = (
				41E6074027E644F2001D10FC /* MainSidebarViewController.swift in Sources */,
				41F9064027E39BF300D65E3F /* AppDelegate.swift in Sources */,
				41E6074227E6483C001D10FC /* SceneDelegate+NSToolbar.swift in Sources */,
				41665AF527E3B36A0022BCAB /* String+Localized.swift in Sources */,
				415E050D27E7B1A7001145A2 /* MainNavigationController.swift in Sources */,
				41665AF327E3A4360022BCAB /* LibraryCollectionViewController.swift in Sources */,
				41FF35CA27EF2E20004C8E94 /* AddRecordViewController.swift in Sources */,
				41E6073727E60ACD001D10FC /* SearchViewController.swift in Sources */,
				41665AEA27E3A18F0022BCAB /* Logger+Init.swift in Sources */,
				41665AEF27E3A2910022BCAB /* MainTabBarViewController.swift in Sources */,
				41F9064227E39BF300D65E3F /* SceneDelegate.swift in Sources */,
				41F9064A27E39BF300D65E3F /* Record_Cabinet.xcdatamodeld in Sources */,
				41E6073B27E61097001D10FC /* Record+CoreDataProperties.swift in Sources */,
				41E6073A27E61097001D10FC /* Record+CoreDataClass.swift in Sources */,
				41E6073527E6051E001D10FC /* RecordCollectionViewCell.swift in Sources */,
			);
			runOnlyForDeploymentPostprocessing = 0;
		};
/* End PBXSourcesBuildPhase section */

/* Begin PBXVariantGroup section */
		4129F73827E3B41000D3B3F8 /* Localizable.strings */ = {
			isa = PBXVariantGroup;
			children = (
				4129F73727E3B41000D3B3F8 /* de */,
			);
			name = Localizable.strings;
			sourceTree = "<group>";
		};
/* End PBXVariantGroup section */

/* Begin XCBuildConfiguration section */
		41F9065127E39BF400D65E3F /* Debug */ = {
			isa = XCBuildConfiguration;
			buildSettings = {
				ALWAYS_SEARCH_USER_PATHS = NO;
				CLANG_ANALYZER_LOCALIZABILITY_NONLOCALIZED = YES;
				CLANG_ANALYZER_NONNULL = YES;
				CLANG_ANALYZER_NUMBER_OBJECT_CONVERSION = YES_AGGRESSIVE;
				CLANG_CXX_LANGUAGE_STANDARD = "gnu++17";
				CLANG_ENABLE_MODULES = YES;
				CLANG_ENABLE_OBJC_ARC = YES;
				CLANG_ENABLE_OBJC_WEAK = YES;
				CLANG_WARN_BLOCK_CAPTURE_AUTORELEASING = YES;
				CLANG_WARN_BOOL_CONVERSION = YES;
				CLANG_WARN_COMMA = YES;
				CLANG_WARN_CONSTANT_CONVERSION = YES;
				CLANG_WARN_DEPRECATED_OBJC_IMPLEMENTATIONS = YES;
				CLANG_WARN_DIRECT_OBJC_ISA_USAGE = YES_ERROR;
				CLANG_WARN_DOCUMENTATION_COMMENTS = YES;
				CLANG_WARN_EMPTY_BODY = YES;
				CLANG_WARN_ENUM_CONVERSION = YES;
				CLANG_WARN_INFINITE_RECURSION = YES;
				CLANG_WARN_INT_CONVERSION = YES;
				CLANG_WARN_NON_LITERAL_NULL_CONVERSION = YES;
				CLANG_WARN_OBJC_IMPLICIT_RETAIN_SELF = YES;
				CLANG_WARN_OBJC_LITERAL_CONVERSION = YES;
				CLANG_WARN_OBJC_ROOT_CLASS = YES_ERROR;
				CLANG_WARN_QUOTED_INCLUDE_IN_FRAMEWORK_HEADER = YES;
				CLANG_WARN_RANGE_LOOP_ANALYSIS = YES;
				CLANG_WARN_STRICT_PROTOTYPES = YES;
				CLANG_WARN_SUSPICIOUS_MOVE = YES;
				CLANG_WARN_UNGUARDED_AVAILABILITY = YES_AGGRESSIVE;
				CLANG_WARN_UNREACHABLE_CODE = YES;
				CLANG_WARN__DUPLICATE_METHOD_MATCH = YES;
				COPY_PHASE_STRIP = NO;
				DEBUG_INFORMATION_FORMAT = dwarf;
				ENABLE_STRICT_OBJC_MSGSEND = YES;
				ENABLE_TESTABILITY = YES;
				GCC_C_LANGUAGE_STANDARD = gnu11;
				GCC_DYNAMIC_NO_PIC = NO;
				GCC_NO_COMMON_BLOCKS = YES;
				GCC_OPTIMIZATION_LEVEL = 0;
				GCC_PREPROCESSOR_DEFINITIONS = (
					"DEBUG=1",
					"$(inherited)",
				);
				GCC_WARN_64_TO_32_BIT_CONVERSION = YES;
				GCC_WARN_ABOUT_RETURN_TYPE = YES_ERROR;
				GCC_WARN_UNDECLARED_SELECTOR = YES;
				GCC_WARN_UNINITIALIZED_AUTOS = YES_AGGRESSIVE;
				GCC_WARN_UNUSED_FUNCTION = YES;
				GCC_WARN_UNUSED_VARIABLE = YES;
				IPHONEOS_DEPLOYMENT_TARGET = 15.0;
				MTL_ENABLE_DEBUG_INFO = INCLUDE_SOURCE;
				MTL_FAST_MATH = YES;
				ONLY_ACTIVE_ARCH = YES;
				SDKROOT = iphoneos;
				SWIFT_ACTIVE_COMPILATION_CONDITIONS = DEBUG;
				SWIFT_OPTIMIZATION_LEVEL = "-Onone";
			};
			name = Debug;
		};
		41F9065227E39BF400D65E3F /* Release */ = {
			isa = XCBuildConfiguration;
			buildSettings = {
				ALWAYS_SEARCH_USER_PATHS = NO;
				CLANG_ANALYZER_LOCALIZABILITY_NONLOCALIZED = YES;
				CLANG_ANALYZER_NONNULL = YES;
				CLANG_ANALYZER_NUMBER_OBJECT_CONVERSION = YES_AGGRESSIVE;
				CLANG_CXX_LANGUAGE_STANDARD = "gnu++17";
				CLANG_ENABLE_MODULES = YES;
				CLANG_ENABLE_OBJC_ARC = YES;
				CLANG_ENABLE_OBJC_WEAK = YES;
				CLANG_WARN_BLOCK_CAPTURE_AUTORELEASING = YES;
				CLANG_WARN_BOOL_CONVERSION = YES;
				CLANG_WARN_COMMA = YES;
				CLANG_WARN_CONSTANT_CONVERSION = YES;
				CLANG_WARN_DEPRECATED_OBJC_IMPLEMENTATIONS = YES;
				CLANG_WARN_DIRECT_OBJC_ISA_USAGE = YES_ERROR;
				CLANG_WARN_DOCUMENTATION_COMMENTS = YES;
				CLANG_WARN_EMPTY_BODY = YES;
				CLANG_WARN_ENUM_CONVERSION = YES;
				CLANG_WARN_INFINITE_RECURSION = YES;
				CLANG_WARN_INT_CONVERSION = YES;
				CLANG_WARN_NON_LITERAL_NULL_CONVERSION = YES;
				CLANG_WARN_OBJC_IMPLICIT_RETAIN_SELF = YES;
				CLANG_WARN_OBJC_LITERAL_CONVERSION = YES;
				CLANG_WARN_OBJC_ROOT_CLASS = YES_ERROR;
				CLANG_WARN_QUOTED_INCLUDE_IN_FRAMEWORK_HEADER = YES;
				CLANG_WARN_RANGE_LOOP_ANALYSIS = YES;
				CLANG_WARN_STRICT_PROTOTYPES = YES;
				CLANG_WARN_SUSPICIOUS_MOVE = YES;
				CLANG_WARN_UNGUARDED_AVAILABILITY = YES_AGGRESSIVE;
				CLANG_WARN_UNREACHABLE_CODE = YES;
				CLANG_WARN__DUPLICATE_METHOD_MATCH = YES;
				COPY_PHASE_STRIP = NO;
				DEBUG_INFORMATION_FORMAT = "dwarf-with-dsym";
				ENABLE_NS_ASSERTIONS = NO;
				ENABLE_STRICT_OBJC_MSGSEND = YES;
				GCC_C_LANGUAGE_STANDARD = gnu11;
				GCC_NO_COMMON_BLOCKS = YES;
				GCC_WARN_64_TO_32_BIT_CONVERSION = YES;
				GCC_WARN_ABOUT_RETURN_TYPE = YES_ERROR;
				GCC_WARN_UNDECLARED_SELECTOR = YES;
				GCC_WARN_UNINITIALIZED_AUTOS = YES_AGGRESSIVE;
				GCC_WARN_UNUSED_FUNCTION = YES;
				GCC_WARN_UNUSED_VARIABLE = YES;
				IPHONEOS_DEPLOYMENT_TARGET = 15.0;
				MTL_ENABLE_DEBUG_INFO = NO;
				MTL_FAST_MATH = YES;
				SDKROOT = iphoneos;
				SWIFT_COMPILATION_MODE = wholemodule;
				SWIFT_OPTIMIZATION_LEVEL = "-O";
				VALIDATE_PRODUCT = YES;
			};
			name = Release;
		};
		41F9065427E39BF400D65E3F /* Debug */ = {
			isa = XCBuildConfiguration;
			buildSettings = {
				ASSETCATALOG_COMPILER_APPICON_NAME = AppIcon;
				ASSETCATALOG_COMPILER_GLOBAL_ACCENT_COLOR_NAME = AccentColor;
				CODE_SIGN_ENTITLEMENTS = "Record Cabinet/Record Cabinet.entitlements";
				CODE_SIGN_STYLE = Automatic;
				CURRENT_PROJECT_VERSION = 1;
				DEVELOPMENT_TEAM = FAEXU5NUQ2;
				GENERATE_INFOPLIST_FILE = YES;
				INFOPLIST_FILE = "Record Cabinet/Info.plist";
				INFOPLIST_KEY_LSApplicationCategoryType = "public.app-category.music";
				INFOPLIST_KEY_UIApplicationSupportsIndirectInputEvents = YES;
				INFOPLIST_KEY_UILaunchStoryboardName = "Launch Screen";
				INFOPLIST_KEY_UISupportedInterfaceOrientations = "UIInterfaceOrientationPortrait UIInterfaceOrientationLandscapeLeft UIInterfaceOrientationLandscapeRight";
				INFOPLIST_KEY_UISupportedInterfaceOrientations_iPad = "UIInterfaceOrientationPortrait UIInterfaceOrientationPortraitUpsideDown UIInterfaceOrientationLandscapeLeft UIInterfaceOrientationLandscapeRight";
				INFOPLIST_KEY_UISupportedInterfaceOrientations_iPhone = "UIInterfaceOrientationPortrait UIInterfaceOrientationLandscapeLeft UIInterfaceOrientationLandscapeRight";
				IPHONEOS_DEPLOYMENT_TARGET = 15.0;
				LD_RUNPATH_SEARCH_PATHS = (
					"$(inherited)",
					"@executable_path/Frameworks",
				);
				MARKETING_VERSION = 1.0.0;
				PRODUCT_BUNDLE_IDENTIFIER = eu.jonasrichter.recordcabinet;
				PRODUCT_NAME = "$(TARGET_NAME)";
				SUPPORTS_MACCATALYST = YES;
				SWIFT_EMIT_LOC_STRINGS = YES;
				SWIFT_VERSION = 5.0;
				TARGETED_DEVICE_FAMILY = "1,2,6";
			};
			name = Debug;
		};
		41F9065527E39BF400D65E3F /* Release */ = {
			isa = XCBuildConfiguration;
			buildSettings = {
				ASSETCATALOG_COMPILER_APPICON_NAME = AppIcon;
				ASSETCATALOG_COMPILER_GLOBAL_ACCENT_COLOR_NAME = AccentColor;
				CODE_SIGN_ENTITLEMENTS = "Record Cabinet/Record Cabinet.entitlements";
				CODE_SIGN_STYLE = Automatic;
				CURRENT_PROJECT_VERSION = 1;
				DEVELOPMENT_TEAM = FAEXU5NUQ2;
				GENERATE_INFOPLIST_FILE = YES;
				INFOPLIST_FILE = "Record Cabinet/Info.plist";
				INFOPLIST_KEY_LSApplicationCategoryType = "public.app-category.music";
				INFOPLIST_KEY_UIApplicationSupportsIndirectInputEvents = YES;
				INFOPLIST_KEY_UILaunchStoryboardName = "Launch Screen";
				INFOPLIST_KEY_UISupportedInterfaceOrientations = "UIInterfaceOrientationPortrait UIInterfaceOrientationLandscapeLeft UIInterfaceOrientationLandscapeRight";
				INFOPLIST_KEY_UISupportedInterfaceOrientations_iPad = "UIInterfaceOrientationPortrait UIInterfaceOrientationPortraitUpsideDown UIInterfaceOrientationLandscapeLeft UIInterfaceOrientationLandscapeRight";
				INFOPLIST_KEY_UISupportedInterfaceOrientations_iPhone = "UIInterfaceOrientationPortrait UIInterfaceOrientationLandscapeLeft UIInterfaceOrientationLandscapeRight";
				IPHONEOS_DEPLOYMENT_TARGET = 15.0;
				LD_RUNPATH_SEARCH_PATHS = (
					"$(inherited)",
					"@executable_path/Frameworks",
				);
				MARKETING_VERSION = 1.0.0;
				PRODUCT_BUNDLE_IDENTIFIER = eu.jonasrichter.recordcabinet;
				PRODUCT_NAME = "$(TARGET_NAME)";
				SUPPORTS_MACCATALYST = YES;
				SWIFT_EMIT_LOC_STRINGS = YES;
				SWIFT_VERSION = 5.0;
				TARGETED_DEVICE_FAMILY = "1,2,6";
			};
			name = Release;
		};
/* End XCBuildConfiguration section */

/* Begin XCConfigurationList section */
		41F9063727E39BF300D65E3F /* Build configuration list for PBXProject "Record Cabinet" */ = {
			isa = XCConfigurationList;
			buildConfigurations = (
				41F9065127E39BF400D65E3F /* Debug */,
				41F9065227E39BF400D65E3F /* Release */,
			);
			defaultConfigurationIsVisible = 0;
			defaultConfigurationName = Debug;
		};
		41F9065327E39BF400D65E3F /* Build configuration list for PBXNativeTarget "Record Cabinet" */ = {
			isa = XCConfigurationList;
			buildConfigurations = (
				41F9065427E39BF400D65E3F /* Debug */,
				41F9065527E39BF400D65E3F /* Release */,
			);
			defaultConfigurationIsVisible = 0;
			defaultConfigurationName = Debug;
		};
/* End XCConfigurationList section */

/* Begin XCRemoteSwiftPackageReference section */
		41665AE527E3A1630022BCAB /* XCRemoteSwiftPackageReference "swift-log" */ = {
			isa = XCRemoteSwiftPackageReference;
			repositoryURL = "https://github.com/apple/swift-log";
			requirement = {
				kind = upToNextMajorVersion;
				minimumVersion = 1.0.0;
			};
		};
/* End XCRemoteSwiftPackageReference section */

/* Begin XCSwiftPackageProductDependency section */
		41665AE627E3A1630022BCAB /* Logging */ = {
			isa = XCSwiftPackageProductDependency;
			package = 41665AE527E3A1630022BCAB /* XCRemoteSwiftPackageReference "swift-log" */;
			productName = Logging;
		};
/* End XCSwiftPackageProductDependency section */

/* Begin XCVersionGroup section */
		41F9064827E39BF300D65E3F /* Record_Cabinet.xcdatamodeld */ = {
			isa = XCVersionGroup;
			children = (
				41F9064927E39BF300D65E3F /* Record_Cabinet.xcdatamodel */,
			);
			currentVersion = 41F9064927E39BF300D65E3F /* Record_Cabinet.xcdatamodel */;
			path = Record_Cabinet.xcdatamodeld;
			sourceTree = "<group>";
			versionGroupType = wrapper.xcdatamodel;
		};
/* End XCVersionGroup section */
	};
	rootObject = 41F9063427E39BF300D65E3F /* Project object */;
}
